github.com/appscode/envconfig v1.2.0/go.mod h1:b7cbo+vlgg2i/tv4ntkhHVh/11deTg45pASklahQ5t0=
github.com/appscode/envconfig v1.3.0 h1:fNx08YIK1PJgApl2xB1rD9fn68UMv/xMfgstnNckDH8=
github.com/appscode/envconfig v1.3.0/go.mod h1:b7cbo+vlgg2i/tv4ntkhHVh/11deTg45pASklahQ5t0=
github.com/appscode/go-notify v0.0.0-20180516083708-17078f08a5ba h1:mmxX6h0pfML66m93/VGiLEIPdmPpFTMWGtd74MeJVcw=
github.com/appscode/go-notify v0.0.0-20180516083708-17078f08a5ba/go.mod h1:ta+dFCq77Bh3GwYmYtKuzO0HhDxsalgPelI4nDOk5lA=
github.com/boltdb/bolt v1.3.1 h1:JQmyP4ZBrce+ZQu0dY660FMfatumYDLun9hBCUVIkF4=
github.com/boltdb/bolt v1.3.1/go.mod h1:clJnj/oiGkjum5o1McbSZDSLxVThjynRyGBgiAx27Ps=
github.com/gofrs/uuid v3.1.0+incompatible h1:q2rtkjaKT4YEr6E1kamy0Ha4RtepWlQBedyHx0uzKwA=
github.com/gofrs/uuid v3.1.0+incompatible/go.mod h1:b2aQJv3Z4Fp6yNu3cdSllBxTCLRxnplIgP/c0N/04lM=
gopkg.in/gomail.v2 v2.0.0-20160411212932-81ebce5c23df h1:n7WqCuqOuCbNr617RXOY0AWRXxgwEyPp2z+p0+hgMuE=
gopkg.in/gomail.v2 v2.0.0-20160411212932-81ebce5c23df/go.mod h1:LRQQ+SO6ZHR7tOkpBDuZnXENFzX8qRjMDMyPD6BRkCw=
